# This file is automatically @generated by Cargo.
# It is not intended for manual editing.
version = 4

[[package]]
name = "retailer-cart"
version = "0.1.0"

[[package]]
name = "retailer-catalog"
version = "0.1.0"

[[package]]
name = "retailer-notifications"
version = "0.1.0"

[[package]]
name = "retailer-orders"
version = "0.1.0"

[[package]]
name = "retailer-payments"
version = "0.1.0"

[[package]]
name = "retailer-users"
version = "0.1.0"
